
Microsoft Visual Studio Solution File, Format Version 12.00
# Visual Studio Version 17
VisualStudioVersion = 17.13.35828.75 d17.13
MinimumVisualStudioVersion = 10.0.40219.1
Project("{FAE04EC0-301F-11D3-BF4B-00C04F79EFBC}") = "CadastroUsuarioCase", "CadastroUsuarioCase\CadastroUsuarioCase.csproj", "{9834D3EB-8B06-44BA-9EE8-F6174D5C44A2}"
EndProject
Project("{2150E333-8FDC-42A3-9474-1A3956D46DE8}") = "src", "src", "{02EA681E-C7D8-13C7-8484-4AC65E1B71E8}"
EndProject
Project("{2150E333-8FDC-42A3-9474-1A3956D46DE8}") = "tests", "tests", "{A2482A2A-24C0-4F16-89A8-EC6C1E7ECCAD}"
EndProject
Project("{FAE04EC0-301F-11D3-BF4B-00C04F79EFBC}") = "CadastroUsuarioCase.Tests", "CadastroUsuarioCase.Tests\CadastroUsuarioCase.Tests.csproj", "{62DB6917-5025-40D1-8E63-1566D5D19081}"
EndProject
Global
	GlobalSection(SolutionConfigurationPlatforms) = preSolution
		Debug|Any CPU = Debug|Any CPU
		Release|Any CPU = Release|Any CPU
	EndGlobalSection
	GlobalSection(ProjectConfigurationPlatforms) = postSolution
		{9834D3EB-8B06-44BA-9EE8-F6174D5C44A2}.Debug|Any CPU.ActiveCfg = Debug|Any CPU
		{9834D3EB-8B06-44BA-9EE8-F6174D5C44A2}.Debug|Any CPU.Build.0 = Debug|Any CPU
		{9834D3EB-8B06-44BA-9EE8-F6174D5C44A2}.Release|Any CPU.ActiveCfg = Release|Any CPU
		{9834D3EB-8B06-44BA-9EE8-F6174D5C44A2}.Release|Any CPU.Build.0 = Release|Any CPU
		{62DB6917-5025-40D1-8E63-1566D5D19081}.Debug|Any CPU.ActiveCfg = Debug|Any CPU
		{62DB6917-5025-40D1-8E63-1566D5D19081}.Debug|Any CPU.Build.0 = Debug|Any CPU
		{62DB6917-5025-40D1-8E63-1566D5D19081}.Release|Any CPU.ActiveCfg = Release|Any CPU
		{62DB6917-5025-40D1-8E63-1566D5D19081}.Release|Any CPU.Build.0 = Release|Any CPU
	EndGlobalSection
	GlobalSection(SolutionProperties) = preSolution
		HideSolutionNode = FALSE
	EndGlobalSection
	GlobalSection(NestedProjects) = preSolution
		{9834D3EB-8B06-44BA-9EE8-F6174D5C44A2} = {02EA681E-C7D8-13C7-8484-4AC65E1B71E8}
		{62DB6917-5025-40D1-8E63-1566D5D19081} = {A2482A2A-24C0-4F16-89A8-EC6C1E7ECCAD}
	EndGlobalSection
	GlobalSection(ExtensibilityGlobals) = postSolution
		SolutionGuid = {4A9F49F4-3A9C-4DBE-9884-21DF6B7B8752}
	EndGlobalSection
EndGlobal
